
Microsoft Visual Studio Solution File, Format Version 12.00
# Visual Studio Version 16
VisualStudioVersion = 16.0.31729.503
MinimumVisualStudioVersion = 10.0.40219.1
Project("{2150E333-8FDC-42A3-9474-1A3956D46DE8}") = "Ex1", "Ex1", "{8A092521-BEFE-4C6C-8575-04A2426758A1}"
EndProject
Project("{9A19103F-16F7-4668-BE54-9A1E7A4F7556}") = "Nhap_xuat_co_ban", "Nhap_xuat_co_ban\Nhap_xuat_co_ban.csproj", "{EA0DBBAB-2A9C-4146-A5AA-7274990A255F}"
EndProject
Project("{9A19103F-16F7-4668-BE54-9A1E7A4F7556}") = "Kieu_du_lieu_ex2", "Kieu_du_lieu_ex2\Kieu_du_lieu_ex2.csproj", "{686EE119-7E15-401F-B2B8-C85F044691D6}"
EndProject
Project("{9A19103F-16F7-4668-BE54-9A1E7A4F7556}") = "Cac_toan_tu", "Cac_toan_tu\Cac_toan_tu.csproj", "{0FD57FE9-156A-40C1-8A45-829FE392A71F}"
EndProject
Project("{9A19103F-16F7-4668-BE54-9A1E7A4F7556}") = "Ep_kieu", "Ep_kieu\Ep_kieu.csproj", "{7BB9AAF4-664B-4675-9CF7-792749D92E9E}"
EndProject
Project("{9A19103F-16F7-4668-BE54-9A1E7A4F7556}") = "Cau_truc_re_nhanh", "Cau_truc_re_nhanh\Cau_truc_re_nhanh.csproj", "{F6BB8413-1566-44CF-843D-79FE9EC47BB1}"
EndProject
Project("{9A19103F-16F7-4668-BE54-9A1E7A4F7556}") = "Kieu_du_lieu_Object", "Kieu_du_lieu_Object\Kieu_du_lieu_Object.csproj", "{F4DD66AD-40E7-427D-ABA0-1EE7F9CEF050}"
EndProject
Project("{9A19103F-16F7-4668-BE54-9A1E7A4F7556}") = "Tu_khoa_var", "Tu_khoa_var\Tu_khoa_var.csproj", "{DF771228-B63A-440C-A0DC-66D04367D953}"
EndProject
Project("{9A19103F-16F7-4668-BE54-9A1E7A4F7556}") = "Tu_khoa_dynamic", "Tu_khoa_dynamic\Tu_khoa_dynamic.csproj", "{D239894F-DC0A-4F7F-B317-BD57FB9115CA}"
EndProject
Project("{2150E333-8FDC-42A3-9474-1A3956D46DE8}") = "Baitap", "Baitap", "{5EDE7F7B-C044-41A3-A3BF-3BE83EFE0136}"
EndProject
Project("{9A19103F-16F7-4668-BE54-9A1E7A4F7556}") = "Baitap1", "Baitap1\Baitap1.csproj", "{4436255E-9875-4186-8828-FD8BB0F1A1CA}"
EndProject
Project("{9A19103F-16F7-4668-BE54-9A1E7A4F7556}") = "Mang1chieu", "Mang1chieu\Mang1chieu.csproj", "{B0141237-C9A6-492B-A122-BCE2AA174C90}"
EndProject
Project("{9A19103F-16F7-4668-BE54-9A1E7A4F7556}") = "Mang2chieu", "Mang2chieu\Mang2chieu.csproj", "{4F5191CD-7D03-41B0-BBB6-660BED1D63E0}"
EndProject
Project("{9A19103F-16F7-4668-BE54-9A1E7A4F7556}") = "test", "test\test.csproj", "{8CE88E44-21FA-45A0-B6B3-3F9719FB9C1F}"
EndProject
Project("{9A19103F-16F7-4668-BE54-9A1E7A4F7556}") = "baitap2class", "baitap2class\baitap2class.csproj", "{86F10749-8EDF-485F-9E3F-0D11E358B077}"
EndProject
Project("{FAE04EC0-301F-11D3-BF4B-00C04F79EFBC}") = "testbai2", "testbai2\testbai2.csproj", "{66AD57FB-C20C-4776-8253-53606FAC1907}"
EndProject
Global
	GlobalSection(SolutionConfigurationPlatforms) = preSolution
		Debug|Any CPU = Debug|Any CPU
		Release|Any CPU = Release|Any CPU
	EndGlobalSection
	GlobalSection(ProjectConfigurationPlatforms) = postSolution
		{EA0DBBAB-2A9C-4146-A5AA-7274990A255F}.Debug|Any CPU.ActiveCfg = Debug|Any CPU
		{EA0DBBAB-2A9C-4146-A5AA-7274990A255F}.Debug|Any CPU.Build.0 = Debug|Any CPU
		{EA0DBBAB-2A9C-4146-A5AA-7274990A255F}.Release|Any CPU.ActiveCfg = Release|Any CPU
		{EA0DBBAB-2A9C-4146-A5AA-7274990A255F}.Release|Any CPU.Build.0 = Release|Any CPU
		{686EE119-7E15-401F-B2B8-C85F044691D6}.Debug|Any CPU.ActiveCfg = Debug|Any CPU
		{686EE119-7E15-401F-B2B8-C85F044691D6}.Debug|Any CPU.Build.0 = Debug|Any CPU
		{686EE119-7E15-401F-B2B8-C85F044691D6}.Release|Any CPU.ActiveCfg = Release|Any CPU
		{686EE119-7E15-401F-B2B8-C85F044691D6}.Release|Any CPU.Build.0 = Release|Any CPU
		{0FD57FE9-156A-40C1-8A45-829FE392A71F}.Debug|Any CPU.ActiveCfg = Debug|Any CPU
		{0FD57FE9-156A-40C1-8A45-829FE392A71F}.Debug|Any CPU.Build.0 = Debug|Any CPU
		{0FD57FE9-156A-40C1-8A45-829FE392A71F}.Release|Any CPU.ActiveCfg = Release|Any CPU
		{0FD57FE9-156A-40C1-8A45-829FE392A71F}.Release|Any CPU.Build.0 = Release|Any CPU
		{7BB9AAF4-664B-4675-9CF7-792749D92E9E}.Debug|Any CPU.ActiveCfg = Debug|Any CPU
		{7BB9AAF4-664B-4675-9CF7-792749D92E9E}.Debug|Any CPU.Build.0 = Debug|Any CPU
		{7BB9AAF4-664B-4675-9CF7-792749D92E9E}.Release|Any CPU.ActiveCfg = Release|Any CPU
		{7BB9AAF4-664B-4675-9CF7-792749D92E9E}.Release|Any CPU.Build.0 = Release|Any CPU
		{F6BB8413-1566-44CF-843D-79FE9EC47BB1}.Debug|Any CPU.ActiveCfg = Debug|Any CPU
		{F6BB8413-1566-44CF-843D-79FE9EC47BB1}.Debug|Any CPU.Build.0 = Debug|Any CPU
		{F6BB8413-1566-44CF-843D-79FE9EC47BB1}.Release|Any CPU.ActiveCfg = Release|Any CPU
		{F6BB8413-1566-44CF-843D-79FE9EC47BB1}.Release|Any CPU.Build.0 = Release|Any CPU
		{F4DD66AD-40E7-427D-ABA0-1EE7F9CEF050}.Debug|Any CPU.ActiveCfg = Debug|Any CPU
		{F4DD66AD-40E7-427D-ABA0-1EE7F9CEF050}.Debug|Any CPU.Build.0 = Debug|Any CPU
		{F4DD66AD-40E7-427D-ABA0-1EE7F9CEF050}.Release|Any CPU.ActiveCfg = Release|Any CPU
		{F4DD66AD-40E7-427D-ABA0-1EE7F9CEF050}.Release|Any CPU.Build.0 = Release|Any CPU
		{DF771228-B63A-440C-A0DC-66D04367D953}.Debug|Any CPU.ActiveCfg = Debug|Any CPU
		{DF771228-B63A-440C-A0DC-66D04367D953}.Debug|Any CPU.Build.0 = Debug|Any CPU
		{DF771228-B63A-440C-A0DC-66D04367D953}.Release|Any CPU.ActiveCfg = Release|Any CPU
		{DF771228-B63A-440C-A0DC-66D04367D953}.Release|Any CPU.Build.0 = Release|Any CPU
		{D239894F-DC0A-4F7F-B317-BD57FB9115CA}.Debug|Any CPU.ActiveCfg = Debug|Any CPU
		{D239894F-DC0A-4F7F-B317-BD57FB9115CA}.Debug|Any CPU.Build.0 = Debug|Any CPU
		{D239894F-DC0A-4F7F-B317-BD57FB9115CA}.Release|Any CPU.ActiveCfg = Release|Any CPU
		{D239894F-DC0A-4F7F-B317-BD57FB9115CA}.Release|Any CPU.Build.0 = Release|Any CPU
		{4436255E-9875-4186-8828-FD8BB0F1A1CA}.Debug|Any CPU.ActiveCfg = Debug|Any CPU
		{4436255E-9875-4186-8828-FD8BB0F1A1CA}.Debug|Any CPU.Build.0 = Debug|Any CPU
		{4436255E-9875-4186-8828-FD8BB0F1A1CA}.Release|Any CPU.ActiveCfg = Release|Any CPU
		{4436255E-9875-4186-8828-FD8BB0F1A1CA}.Release|Any CPU.Build.0 = Release|Any CPU
		{B0141237-C9A6-492B-A122-BCE2AA174C90}.Debug|Any CPU.ActiveCfg = Debug|Any CPU
		{B0141237-C9A6-492B-A122-BCE2AA174C90}.Debug|Any CPU.Build.0 = Debug|Any CPU
		{B0141237-C9A6-492B-A122-BCE2AA174C90}.Release|Any CPU.ActiveCfg = Release|Any CPU
		{B0141237-C9A6-492B-A122-BCE2AA174C90}.Release|Any CPU.Build.0 = Release|Any CPU
		{4F5191CD-7D03-41B0-BBB6-660BED1D63E0}.Debug|Any CPU.ActiveCfg = Debug|Any CPU
		{4F5191CD-7D03-41B0-BBB6-660BED1D63E0}.Debug|Any CPU.Build.0 = Debug|Any CPU
		{4F5191CD-7D03-41B0-BBB6-660BED1D63E0}.Release|Any CPU.ActiveCfg = Release|Any CPU
		{4F5191CD-7D03-41B0-BBB6-660BED1D63E0}.Release|Any CPU.Build.0 = Release|Any CPU
		{8CE88E44-21FA-45A0-B6B3-3F9719FB9C1F}.Debug|Any CPU.ActiveCfg = Debug|Any CPU
		{8CE88E44-21FA-45A0-B6B3-3F9719FB9C1F}.Debug|Any CPU.Build.0 = Debug|Any CPU
		{8CE88E44-21FA-45A0-B6B3-3F9719FB9C1F}.Release|Any CPU.ActiveCfg = Release|Any CPU
		{8CE88E44-21FA-45A0-B6B3-3F9719FB9C1F}.Release|Any CPU.Build.0 = Release|Any CPU
		{86F10749-8EDF-485F-9E3F-0D11E358B077}.Debug|Any CPU.ActiveCfg = Debug|Any CPU
		{86F10749-8EDF-485F-9E3F-0D11E358B077}.Debug|Any CPU.Build.0 = Debug|Any CPU
		{86F10749-8EDF-485F-9E3F-0D11E358B077}.Release|Any CPU.ActiveCfg = Release|Any CPU
		{86F10749-8EDF-485F-9E3F-0D11E358B077}.Release|Any CPU.Build.0 = Release|Any CPU
		{66AD57FB-C20C-4776-8253-53606FAC1907}.Debug|Any CPU.ActiveCfg = Debug|Any CPU
		{66AD57FB-C20C-4776-8253-53606FAC1907}.Debug|Any CPU.Build.0 = Debug|Any CPU
		{66AD57FB-C20C-4776-8253-53606FAC1907}.Release|Any CPU.ActiveCfg = Release|Any CPU
		{66AD57FB-C20C-4776-8253-53606FAC1907}.Release|Any CPU.Build.0 = Release|Any CPU
	EndGlobalSection
	GlobalSection(SolutionProperties) = preSolution
		HideSolutionNode = FALSE
	EndGlobalSection
	GlobalSection(NestedProjects) = preSolution
		{EA0DBBAB-2A9C-4146-A5AA-7274990A255F} = {8A092521-BEFE-4C6C-8575-04A2426758A1}
		{686EE119-7E15-401F-B2B8-C85F044691D6} = {8A092521-BEFE-4C6C-8575-04A2426758A1}
		{0FD57FE9-156A-40C1-8A45-829FE392A71F} = {8A092521-BEFE-4C6C-8575-04A2426758A1}
		{7BB9AAF4-664B-4675-9CF7-792749D92E9E} = {8A092521-BEFE-4C6C-8575-04A2426758A1}
		{F6BB8413-1566-44CF-843D-79FE9EC47BB1} = {8A092521-BEFE-4C6C-8575-04A2426758A1}
		{F4DD66AD-40E7-427D-ABA0-1EE7F9CEF050} = {8A092521-BEFE-4C6C-8575-04A2426758A1}
		{DF771228-B63A-440C-A0DC-66D04367D953} = {8A092521-BEFE-4C6C-8575-04A2426758A1}
		{D239894F-DC0A-4F7F-B317-BD57FB9115CA} = {8A092521-BEFE-4C6C-8575-04A2426758A1}
		{4436255E-9875-4186-8828-FD8BB0F1A1CA} = {5EDE7F7B-C044-41A3-A3BF-3BE83EFE0136}
		{B0141237-C9A6-492B-A122-BCE2AA174C90} = {8A092521-BEFE-4C6C-8575-04A2426758A1}
		{4F5191CD-7D03-41B0-BBB6-660BED1D63E0} = {8A092521-BEFE-4C6C-8575-04A2426758A1}
		{8CE88E44-21FA-45A0-B6B3-3F9719FB9C1F} = {5EDE7F7B-C044-41A3-A3BF-3BE83EFE0136}
		{86F10749-8EDF-485F-9E3F-0D11E358B077} = {5EDE7F7B-C044-41A3-A3BF-3BE83EFE0136}
		{66AD57FB-C20C-4776-8253-53606FAC1907} = {5EDE7F7B-C044-41A3-A3BF-3BE83EFE0136}
	EndGlobalSection
	GlobalSection(ExtensibilityGlobals) = postSolution
		SolutionGuid = {55A27EBD-06A5-4808-863A-96BE4E754341}
	EndGlobalSection
EndGlobal
